// !$*UTF8*$!
{
	archiveVersion = 1;
	classes = {
	};
	objectVersion = 50;
	objects = {

/* Begin PBXBuildFile section */
		84812C62251C65E9003952DB /* PaymentView.swift in Sources */ = {isa = PBXBuildFile; fileRef = 84812C61251C65E9003952DB /* PaymentView.swift */; };
		84812C65251C6622003952DB /* UserManager.swift in Sources */ = {isa = PBXBuildFile; fileRef = 84812C64251C6622003952DB /* UserManager.swift */; };
		84812C68251C66B3003952DB /* Data.swift in Sources */ = {isa = PBXBuildFile; fileRef = 84812C67251C66B3003952DB /* Data.swift */; };
		84812C6B251C66D0003952DB /* User.swift in Sources */ = {isa = PBXBuildFile; fileRef = 84812C6A251C66D0003952DB /* User.swift */; };
		84812C6E251C66F2003952DB /* UserDragDrop.swift in Sources */ = {isa = PBXBuildFile; fileRef = 84812C6D251C66F2003952DB /* UserDragDrop.swift */; };
		84812C71251C6722003952DB /* PaymentInput.swift in Sources */ = {isa = PBXBuildFile; fileRef = 84812C70251C6722003952DB /* PaymentInput.swift */; };
		84812C74251C6740003952DB /* PaymentViewConfig.swift in Sources */ = {isa = PBXBuildFile; fileRef = 84812C73251C6740003952DB /* PaymentViewConfig.swift */; };
		84812C77251C675F003952DB /* DragDropConfig.swift in Sources */ = {isa = PBXBuildFile; fileRef = 84812C76251C675F003952DB /* DragDropConfig.swift */; };
		84812C7A251C678F003952DB /* NumberPadView.swift in Sources */ = {isa = PBXBuildFile; fileRef = 84812C79251C678F003952DB /* NumberPadView.swift */; };
		84812C7D251C67C8003952DB /* PaymentActionView.swift in Sources */ = {isa = PBXBuildFile; fileRef = 84812C7C251C67C8003952DB /* PaymentActionView.swift */; };
		84812C80251C67EB003952DB /* PaymentCompletionView.swift in Sources */ = {isa = PBXBuildFile; fileRef = 84812C7F251C67EB003952DB /* PaymentCompletionView.swift */; };
		84812C8A251C694C003952DB /* CreditCardView.swift in Sources */ = {isa = PBXBuildFile; fileRef = 84812C89251C694C003952DB /* CreditCardView.swift */; };
		84812C8D251C697D003952DB /* DescriptionView.swift in Sources */ = {isa = PBXBuildFile; fileRef = 84812C8C251C697D003952DB /* DescriptionView.swift */; };
		84812C90251C699A003952DB /* CheckmarkShape.swift in Sources */ = {isa = PBXBuildFile; fileRef = 84812C8F251C699A003952DB /* CheckmarkShape.swift */; };
		84812C93251C69C5003952DB /* RecentlyTradedView.swift in Sources */ = {isa = PBXBuildFile; fileRef = 84812C92251C69C5003952DB /* RecentlyTradedView.swift */; };
		84812C96251C69F1003952DB /* CardView.swift in Sources */ = {isa = PBXBuildFile; fileRef = 84812C95251C69F1003952DB /* CardView.swift */; };
		84812C99251C6A2D003952DB /* MenuItemView.swift in Sources */ = {isa = PBXBuildFile; fileRef = 84812C98251C6A2D003952DB /* MenuItemView.swift */; };
		84812C9C251C6A47003952DB /* RotationPathView.swift in Sources */ = {isa = PBXBuildFile; fileRef = 84812C9B251C6A47003952DB /* RotationPathView.swift */; };
		84812C9F251C6A6F003952DB /* MenuSelectionView.swift in Sources */ = {isa = PBXBuildFile; fileRef = 84812C9E251C6A6F003952DB /* MenuSelectionView.swift */; };
		84812CA2251C6A8E003952DB /* UserView.swift in Sources */ = {isa = PBXBuildFile; fileRef = 84812CA1251C6A8E003952DB /* UserView.swift */; };
		84E88D0924F6A5A60016041F /* FundTransferAppApp.swift in Sources */ = {isa = PBXBuildFile; fileRef = 84E88D0824F6A5A60016041F /* FundTransferAppApp.swift */; };
		84E88D0B24F6A5A60016041F /* ContentView.swift in Sources */ = {isa = PBXBuildFile; fileRef = 84E88D0A24F6A5A60016041F /* ContentView.swift */; };
		84E88D0D24F6A5A90016041F /* Assets.xcassets in Resources */ = {isa = PBXBuildFile; fileRef = 84E88D0C24F6A5A90016041F /* Assets.xcassets */; };
		84E88D1024F6A5A90016041F /* Preview Assets.xcassets in Resources */ = {isa = PBXBuildFile; fileRef = 84E88D0F24F6A5A90016041F /* Preview Assets.xcassets */; };
/* End PBXBuildFile section */

/* Begin PBXFileReference section */
		84812C61251C65E9003952DB /* PaymentView.swift */ = {isa = PBXFileReference; lastKnownFileType = sourcecode.swift; path = PaymentView.swift; sourceTree = "<group>"; };
		84812C64251C6622003952DB /* UserManager.swift */ = {isa = PBXFileReference; lastKnownFileType = sourcecode.swift; path = UserManager.swift; sourceTree = "<group>"; };
		84812C67251C66B3003952DB /* Data.swift */ = {isa = PBXFileReference; lastKnownFileType = sourcecode.swift; path = Data.swift; sourceTree = "<group>"; };
		84812C6A251C66D0003952DB /* User.swift */ = {isa = PBXFileReference; lastKnownFileType = sourcecode.swift; path = User.swift; sourceTree = "<group>"; };
		84812C6D251C66F2003952DB /* UserDragDrop.swift */ = {isa = PBXFileReference; lastKnownFileType = sourcecode.swift; path = UserDragDrop.swift; sourceTree = "<group>"; };
		84812C70251C6722003952DB /* PaymentInput.swift */ = {isa = PBXFileReference; lastKnownFileType = sourcecode.swift; path = PaymentInput.swift; sourceTree = "<group>"; };
		84812C73251C6740003952DB /* PaymentViewConfig.swift */ = {isa = PBXFileReference; lastKnownFileType = sourcecode.swift; path = PaymentViewConfig.swift; sourceTree = "<group>"; };
		84812C76251C675F003952DB /* DragDropConfig.swift */ = {isa = PBXFileReference; lastKnownFileType = sourcecode.swift; path = DragDropConfig.swift; sourceTree = "<group>"; };
		84812C79251C678F003952DB /* NumberPadView.swift */ = {isa = PBXFileReference; lastKnownFileType = sourcecode.swift; path = NumberPadView.swift; sourceTree = "<group>"; };
		84812C7C251C67C8003952DB /* PaymentActionView.swift */ = {isa = PBXFileReference; lastKnownFileType = sourcecode.swift; path = PaymentActionView.swift; sourceTree = "<group>"; };
		84812C7F251C67EB003952DB /* PaymentCompletionView.swift */ = {isa = PBXFileReference; lastKnownFileType = sourcecode.swift; path = PaymentCompletionView.swift; sourceTree = "<group>"; };
		84812C89251C694C003952DB /* CreditCardView.swift */ = {isa = PBXFileReference; lastKnownFileType = sourcecode.swift; path = CreditCardView.swift; sourceTree = "<group>"; };
		84812C8C251C697D003952DB /* DescriptionView.swift */ = {isa = PBXFileReference; lastKnownFileType = sourcecode.swift; path = DescriptionView.swift; sourceTree = "<group>"; };
		84812C8F251C699A003952DB /* CheckmarkShape.swift */ = {isa = PBXFileReference; lastKnownFileType = sourcecode.swift; path = CheckmarkShape.swift; sourceTree = "<group>"; };
		84812C92251C69C5003952DB /* RecentlyTradedView.swift */ = {isa = PBXFileReference; lastKnownFileType = sourcecode.swift; path = RecentlyTradedView.swift; sourceTree = "<group>"; };
		84812C95251C69F1003952DB /* CardView.swift */ = {isa = PBXFileReference; lastKnownFileType = sourcecode.swift; path = CardView.swift; sourceTree = "<group>"; };
		84812C98251C6A2D003952DB /* MenuItemView.swift */ = {isa = PBXFileReference; lastKnownFileType = sourcecode.swift; path = MenuItemView.swift; sourceTree = "<group>"; };
		84812C9B251C6A47003952DB /* RotationPathView.swift */ = {isa = PBXFileReference; lastKnownFileType = sourcecode.swift; path = RotationPathView.swift; sourceTree = "<group>"; };
		84812C9E251C6A6F003952DB /* MenuSelectionView.swift */ = {isa = PBXFileReference; lastKnownFileType = sourcecode.swift; path = MenuSelectionView.swift; sourceTree = "<group>"; };
		84812CA1251C6A8E003952DB /* UserView.swift */ = {isa = PBXFileReference; lastKnownFileType = sourcecode.swift; path = UserView.swift; sourceTree = "<group>"; };
		84E88D0524F6A5A60016041F /* FundTransferApp.app */ = {isa = PBXFileReference; explicitFileType = wrapper.application; includeInIndex = 0; path = FundTransferApp.app; sourceTree = BUILT_PRODUCTS_DIR; };
		84E88D0824F6A5A60016041F /* FundTransferAppApp.swift */ = {isa = PBXFileReference; lastKnownFileType = sourcecode.swift; path = FundTransferAppApp.swift; sourceTree = "<group>"; };
		84E88D0A24F6A5A60016041F /* ContentView.swift */ = {isa = PBXFileReference; lastKnownFileType = sourcecode.swift; path = ContentView.swift; sourceTree = "<group>"; };
		84E88D0C24F6A5A90016041F /* Assets.xcassets */ = {isa = PBXFileReference; lastKnownFileType = folder.assetcatalog; path = Assets.xcassets; sourceTree = "<group>"; };
		84E88D0F24F6A5A90016041F /* Preview Assets.xcassets */ = {isa = PBXFileReference; lastKnownFileType = folder.assetcatalog; path = "Preview Assets.xcassets"; sourceTree = "<group>"; };
		84E88D1124F6A5A90016041F /* Info.plist */ = {isa = PBXFileReference; lastKnownFileType = text.plist.xml; path = Info.plist; sourceTree = "<group>"; };
/* End PBXFileReference section */

/* Begin PBXFrameworksBuildPhase section */
		84E88D0224F6A5A60016041F /* Frameworks */ = {
			isa = PBXFrameworksBuildPhase;
			buildActionMask = 2147483647;
			files = (
			);
			runOnlyForDeploymentPostprocessing = 0;
		};
/* End PBXFrameworksBuildPhase section */

/* Begin PBXGroup section */
		84812C82251C682C003952DB /* ViewModel */ = {
			isa = PBXGroup;
			children = (
				84812C70251C6722003952DB /* PaymentInput.swift */,
				84812C6D251C66F2003952DB /* UserDragDrop.swift */,
				84812C64251C6622003952DB /* UserManager.swift */,
			);
			path = ViewModel;
			sourceTree = "<group>";
		};
		84812C84251C683F003952DB /* Data */ = {
			isa = PBXGroup;
			children = (
				84812C67251C66B3003952DB /* Data.swift */,
			);
			path = Data;
			sourceTree = "<group>";
		};
		84812C85251C6852003952DB /* Model */ = {
			isa = PBXGroup;
			children = (
				84812C76251C675F003952DB /* DragDropConfig.swift */,
				84812C73251C6740003952DB /* PaymentViewConfig.swift */,
				84812C6A251C66D0003952DB /* User.swift */,
			);
			path = Model;
			sourceTree = "<group>";
		};
		84812C87251C6883003952DB /* View */ = {
			isa = PBXGroup;
			children = (
				84E88D0A24F6A5A60016041F /* ContentView.swift */,
				84812CA1251C6A8E003952DB /* UserView.swift */,
				84812C9E251C6A6F003952DB /* MenuSelectionView.swift */,
				84812C9B251C6A47003952DB /* RotationPathView.swift */,
				84812C98251C6A2D003952DB /* MenuItemView.swift */,
				84812C95251C69F1003952DB /* CardView.swift */,
				84812C92251C69C5003952DB /* RecentlyTradedView.swift */,
				84812C8F251C699A003952DB /* CheckmarkShape.swift */,
				84812C8C251C697D003952DB /* DescriptionView.swift */,
				84812C7F251C67EB003952DB /* PaymentCompletionView.swift */,
				84812C7C251C67C8003952DB /* PaymentActionView.swift */,
				84812C79251C678F003952DB /* NumberPadView.swift */,
				84812C61251C65E9003952DB /* PaymentView.swift */,
				84812C89251C694C003952DB /* CreditCardView.swift */,
			);
			path = View;
			sourceTree = "<group>";
		};
		84E88CFC24F6A5A60016041F = {
			isa = PBXGroup;
			children = (
				84E88D0724F6A5A60016041F /* FundTransferApp */,
				84E88D0624F6A5A60016041F /* Products */,
			);
			sourceTree = "<group>";
		};
		84E88D0624F6A5A60016041F /* Products */ = {
			isa = PBXGroup;
			children = (
				84E88D0524F6A5A60016041F /* FundTransferApp.app */,
			);
			name = Products;
			sourceTree = "<group>";
		};
		84E88D0724F6A5A60016041F /* FundTransferApp */ = {
			isa = PBXGroup;
			children = (
				84E88D0824F6A5A60016041F /* FundTransferAppApp.swift */,
				84812C87251C6883003952DB /* View */,
				84812C85251C6852003952DB /* Model */,
				84812C82251C682C003952DB /* ViewModel */,
				84812C84251C683F003952DB /* Data */,
				84E88D0C24F6A5A90016041F /* Assets.xcassets */,
				84E88D1124F6A5A90016041F /* Info.plist */,
				84E88D0E24F6A5A90016041F /* Preview Content */,
			);
			path = FundTransferApp;
			sourceTree = "<group>";
		};
		84E88D0E24F6A5A90016041F /* Preview Content */ = {
			isa = PBXGroup;
			children = (
				84E88D0F24F6A5A90016041F /* Preview Assets.xcassets */,
			);
			path = "Preview Content";
			sourceTree = "<group>";
		};
/* End PBXGroup section */

/* Begin PBXNativeTarget section */
		84E88D0424F6A5A60016041F /* FundTransferApp */ = {
			isa = PBXNativeTarget;
			buildConfigurationList = 84E88D1424F6A5A90016041F /* Build configuration list for PBXNativeTarget "FundTransferApp" */;
			buildPhases = (
				84E88D0124F6A5A60016041F /* Sources */,
				84E88D0224F6A5A60016041F /* Frameworks */,
				84E88D0324F6A5A60016041F /* Resources */,
			);
			buildRules = (
			);
			dependencies = (
			);
			name = FundTransferApp;
			productName = FundTransferApp;
			productReference = 84E88D0524F6A5A60016041F /* FundTransferApp.app */;
			productType = "com.apple.product-type.application";
		};
/* End PBXNativeTarget section */

/* Begin PBXProject section */
		84E88CFD24F6A5A60016041F /* Project object */ = {
			isa = PBXProject;
			attributes = {
				LastSwiftUpdateCheck = 1200;
				LastUpgradeCheck = 1200;
				TargetAttributes = {
					84E88D0424F6A5A60016041F = {
						CreatedOnToolsVersion = 12.0;
					};
				};
			};
			buildConfigurationList = 84E88D0024F6A5A60016041F /* Build configuration list for PBXProject "FundTransferApp" */;
			compatibilityVersion = "Xcode 9.3";
			developmentRegion = en;
			hasScannedForEncodings = 0;
			knownRegions = (
				en,
				Base,
			);
			mainGroup = 84E88CFC24F6A5A60016041F;
			productRefGroup = 84E88D0624F6A5A60016041F /* Products */;
			projectDirPath = "";
			projectRoot = "";
			targets = (
				84E88D0424F6A5A60016041F /* FundTransferApp */,
			);
		};
/* End PBXProject section */

/* Begin PBXResourcesBuildPhase section */
		84E88D0324F6A5A60016041F /* Resources */ = {
			isa = PBXResourcesBuildPhase;
			buildActionMask = 2147483647;
			files = (
				84E88D1024F6A5A90016041F /* Preview Assets.xcassets in Resources */,
				84E88D0D24F6A5A90016041F /* Assets.xcassets in Resources */,
			);
			runOnlyForDeploymentPostprocessing = 0;
		};
/* End PBXResourcesBuildPhase section */

/* Begin PBXSourcesBuildPhase section */
		84E88D0124F6A5A60016041F /* Sources */ = {
			isa = PBXSourcesBuildPhase;
			buildActionMask = 2147483647;
			files = (
				84812C80251C67EB003952DB /* PaymentCompletionView.swift in Sources */,
				84812C77251C675F003952DB /* DragDropConfig.swift in Sources */,
				84812C7D251C67C8003952DB /* PaymentActionView.swift in Sources */,
				84812C74251C6740003952DB /* PaymentViewConfig.swift in Sources */,
				84E88D0B24F6A5A60016041F /* ContentView.swift in Sources */,
				84812C9C251C6A47003952DB /* RotationPathView.swift in Sources */,
				84812C68251C66B3003952DB /* Data.swift in Sources */,
				84812C7A251C678F003952DB /* NumberPadView.swift in Sources */,
				84812C6B251C66D0003952DB /* User.swift in Sources */,
				84812C71251C6722003952DB /* PaymentInput.swift in Sources */,
				84812C90251C699A003952DB /* CheckmarkShape.swift in Sources */,
				84812CA2251C6A8E003952DB /* UserView.swift in Sources */,
				84812C96251C69F1003952DB /* CardView.swift in Sources */,
				84812C9F251C6A6F003952DB /* MenuSelectionView.swift in Sources */,
				84812C8D251C697D003952DB /* DescriptionView.swift in Sources */,
				84812C6E251C66F2003952DB /* UserDragDrop.swift in Sources */,
				84812C62251C65E9003952DB /* PaymentView.swift in Sources */,
				84812C8A251C694C003952DB /* CreditCardView.swift in Sources */,
				84812C65251C6622003952DB /* UserManager.swift in Sources */,
				84E88D0924F6A5A60016041F /* FundTransferAppApp.swift in Sources */,
				84812C99251C6A2D003952DB /* MenuItemView.swift in Sources */,
				84812C93251C69C5003952DB /* RecentlyTradedView.swift in Sources */,
			);
			runOnlyForDeploymentPostprocessing = 0;
		};
/* End PBXSourcesBuildPhase section */

/* Begin XCBuildConfiguration section */
		84E88D1224F6A5A90016041F /* Debug */ = {
			isa = XCBuildConfiguration;
			buildSettings = {
				ALWAYS_SEARCH_USER_PATHS = NO;
				CLANG_ANALYZER_NONNULL = YES;
				CLANG_ANALYZER_NUMBER_OBJECT_CONVERSION = YES_AGGRESSIVE;
				CLANG_CXX_LANGUAGE_STANDARD = "gnu++14";
				CLANG_CXX_LIBRARY = "libc++";
				CLANG_ENABLE_MODULES = YES;
				CLANG_ENABLE_OBJC_ARC = YES;
				CLANG_ENABLE_OBJC_WEAK = YES;
				CLANG_WARN_BLOCK_CAPTURE_AUTORELEASING = YES;
				CLANG_WARN_BOOL_CONVERSION = YES;
				CLANG_WARN_COMMA = YES;
				CLANG_WARN_CONSTANT_CONVERSION = YES;
				CLANG_WARN_DEPRECATED_OBJC_IMPLEMENTATIONS = YES;
				CLANG_WARN_DIRECT_OBJC_ISA_USAGE = YES_ERROR;
				CLANG_WARN_DOCUMENTATION_COMMENTS = YES;
				CLANG_WARN_EMPTY_BODY = YES;
				CLANG_WARN_ENUM_CONVERSION = YES;
				CLANG_WARN_INFINITE_RECURSION = YES;
				CLANG_WARN_INT_CONVERSION = YES;
				CLANG_WARN_NON_LITERAL_NULL_CONVERSION = YES;
				CLANG_WARN_OBJC_IMPLICIT_RETAIN_SELF = YES;
				CLANG_WARN_OBJC_LITERAL_CONVERSION = YES;
				CLANG_WARN_OBJC_ROOT_CLASS = YES_ERROR;
				CLANG_WARN_QUOTED_INCLUDE_IN_FRAMEWORK_HEADER = YES;
				CLANG_WARN_RANGE_LOOP_ANALYSIS = YES;
				CLANG_WARN_STRICT_PROTOTYPES = YES;
				CLANG_WARN_SUSPICIOUS_MOVE = YES;
				CLANG_WARN_UNGUARDED_AVAILABILITY = YES_AGGRESSIVE;
				CLANG_WARN_UNREACHABLE_CODE = YES;
				CLANG_WARN__DUPLICATE_METHOD_MATCH = YES;
				COPY_PHASE_STRIP = NO;
				DEBUG_INFORMATION_FORMAT = dwarf;
				ENABLE_STRICT_OBJC_MSGSEND = YES;
				ENABLE_TESTABILITY = YES;
				GCC_C_LANGUAGE_STANDARD = gnu11;
				GCC_DYNAMIC_NO_PIC = NO;
				GCC_NO_COMMON_BLOCKS = YES;
				GCC_OPTIMIZATION_LEVEL = 0;
				GCC_PREPROCESSOR_DEFINITIONS = (
					"DEBUG=1",
					"$(inherited)",
				);
				GCC_WARN_64_TO_32_BIT_CONVERSION = YES;
				GCC_WARN_ABOUT_RETURN_TYPE = YES_ERROR;
				GCC_WARN_UNDECLARED_SELECTOR = YES;
				GCC_WARN_UNINITIALIZED_AUTOS = YES_AGGRESSIVE;
				GCC_WARN_UNUSED_FUNCTION = YES;
				GCC_WARN_UNUSED_VARIABLE = YES;
				IPHONEOS_DEPLOYMENT_TARGET = 14.0;
				MTL_ENABLE_DEBUG_INFO = INCLUDE_SOURCE;
				MTL_FAST_MATH = YES;
				ONLY_ACTIVE_ARCH = YES;
				SDKROOT = iphoneos;
				SWIFT_ACTIVE_COMPILATION_CONDITIONS = DEBUG;
				SWIFT_OPTIMIZATION_LEVEL = "-Onone";
			};
			name = Debug;
		};
		84E88D1324F6A5A90016041F /* Release */ = {
			isa = XCBuildConfiguration;
			buildSettings = {
				ALWAYS_SEARCH_USER_PATHS = NO;
				CLANG_ANALYZER_NONNULL = YES;
				CLANG_ANALYZER_NUMBER_OBJECT_CONVERSION = YES_AGGRESSIVE;
				CLANG_CXX_LANGUAGE_STANDARD = "gnu++14";
				CLANG_CXX_LIBRARY = "libc++";
				CLANG_ENABLE_MODULES = YES;
				CLANG_ENABLE_OBJC_ARC = YES;
				CLANG_ENABLE_OBJC_WEAK = YES;
				CLANG_WARN_BLOCK_CAPTURE_AUTORELEASING = YES;
				CLANG_WARN_BOOL_CONVERSION = YES;
				CLANG_WARN_COMMA = YES;
				CLANG_WARN_CONSTANT_CONVERSION = YES;
				CLANG_WARN_DEPRECATED_OBJC_IMPLEMENTATIONS = YES;
				CLANG_WARN_DIRECT_OBJC_ISA_USAGE = YES_ERROR;
				CLANG_WARN_DOCUMENTATION_COMMENTS = YES;
				CLANG_WARN_EMPTY_BODY = YES;
				CLANG_WARN_ENUM_CONVERSION = YES;
				CLANG_WARN_INFINITE_RECURSION = YES;
				CLANG_WARN_INT_CONVERSION = YES;
				CLANG_WARN_NON_LITERAL_NULL_CONVERSION = YES;
				CLANG_WARN_OBJC_IMPLICIT_RETAIN_SELF = YES;
				CLANG_WARN_OBJC_LITERAL_CONVERSION = YES;
				CLANG_WARN_OBJC_ROOT_CLASS = YES_ERROR;
				CLANG_WARN_QUOTED_INCLUDE_IN_FRAMEWORK_HEADER = YES;
				CLANG_WARN_RANGE_LOOP_ANALYSIS = YES;
				CLANG_WARN_STRICT_PROTOTYPES = YES;
				CLANG_WARN_SUSPICIOUS_MOVE = YES;
				CLANG_WARN_UNGUARDED_AVAILABILITY = YES_AGGRESSIVE;
				CLANG_WARN_UNREACHABLE_CODE = YES;
				CLANG_WARN__DUPLICATE_METHOD_MATCH = YES;
				COPY_PHASE_STRIP = NO;
				DEBUG_INFORMATION_FORMAT = "dwarf-with-dsym";
				ENABLE_NS_ASSERTIONS = NO;
				ENABLE_STRICT_OBJC_MSGSEND = YES;
				GCC_C_LANGUAGE_STANDARD = gnu11;
				GCC_NO_COMMON_BLOCKS = YES;
				GCC_WARN_64_TO_32_BIT_CONVERSION = YES;
				GCC_WARN_ABOUT_RETURN_TYPE = YES_ERROR;
				GCC_WARN_UNDECLARED_SELECTOR = YES;
				GCC_WARN_UNINITIALIZED_AUTOS = YES_AGGRESSIVE;
				GCC_WARN_UNUSED_FUNCTION = YES;
				GCC_WARN_UNUSED_VARIABLE = YES;
				IPHONEOS_DEPLOYMENT_TARGET = 14.0;
				MTL_ENABLE_DEBUG_INFO = NO;
				MTL_FAST_MATH = YES;
				SDKROOT = iphoneos;
				SWIFT_COMPILATION_MODE = wholemodule;
				SWIFT_OPTIMIZATION_LEVEL = "-O";
				VALIDATE_PRODUCT = YES;
			};
			name = Release;
		};
		84E88D1524F6A5A90016041F /* Debug */ = {
			isa = XCBuildConfiguration;
			buildSettings = {
				ASSETCATALOG_COMPILER_APPICON_NAME = AppIcon;
				ASSETCATALOG_COMPILER_GLOBAL_ACCENT_COLOR_NAME = AccentColor;
				CODE_SIGN_STYLE = Automatic;
				DEVELOPMENT_ASSET_PATHS = "\"FundTransferApp/Preview Content\"";
				DEVELOPMENT_TEAM = 3EYUW49QFV;
				ENABLE_PREVIEWS = YES;
				INFOPLIST_FILE = FundTransferApp/Info.plist;
				IPHONEOS_DEPLOYMENT_TARGET = 14.0;
				LD_RUNPATH_SEARCH_PATHS = (
					"$(inherited)",
					"@executable_path/Frameworks",
				);
				PRODUCT_BUNDLE_IDENTIFIER = com.a7studio.FundTransferApp;
				PRODUCT_NAME = "$(TARGET_NAME)";
				SWIFT_VERSION = 5.0;
				TARGETED_DEVICE_FAMILY = "1,2";
			};
			name = Debug;
		};
		84E88D1624F6A5A90016041F /* Release */ = {
			isa = XCBuildConfiguration;
			buildSettings = {
				ASSETCATALOG_COMPILER_APPICON_NAME = AppIcon;
				ASSETCATALOG_COMPILER_GLOBAL_ACCENT_COLOR_NAME = AccentColor;
				CODE_SIGN_STYLE = Automatic;
				DEVELOPMENT_ASSET_PATHS = "\"FundTransferApp/Preview Content\"";
				DEVELOPMENT_TEAM = 3EYUW49QFV;
				ENABLE_PREVIEWS = YES;
				INFOPLIST_FILE = FundTransferApp/Info.plist;
				IPHONEOS_DEPLOYMENT_TARGET = 14.0;
				LD_RUNPATH_SEARCH_PATHS = (
					"$(inherited)",
					"@executable_path/Frameworks",
				);
				PRODUCT_BUNDLE_IDENTIFIER = com.a7studio.FundTransferApp;
				PRODUCT_NAME = "$(TARGET_NAME)";
				SWIFT_VERSION = 5.0;
				TARGETED_DEVICE_FAMILY = "1,2";
			};
			name = Release;
		};
/* End XCBuildConfiguration section */

/* Begin XCConfigurationList section */
		84E88D0024F6A5A60016041F /* Build configuration list for PBXProject "FundTransferApp" */ = {
			isa = XCConfigurationList;
			buildConfigurations = (
				84E88D1224F6A5A90016041F /* Debug */,
				84E88D1324F6A5A90016041F /* Release */,
			);
			defaultConfigurationIsVisible = 0;
			defaultConfigurationName = Release;
		};
		84E88D1424F6A5A90016041F /* Build configuration list for PBXNativeTarget "FundTransferApp" */ = {
			isa = XCConfigurationList;
			buildConfigurations = (
				84E88D1524F6A5A90016041F /* Debug */,
				84E88D1624F6A5A90016041F /* Release */,
			);
			defaultConfigurationIsVisible = 0;
			defaultConfigurationName = Release;
		};
/* End XCConfigurationList section */
	};
	rootObject = 84E88CFD24F6A5A60016041F /* Project object */;
}
